
Microsoft Visual Studio Solution File, Format Version 12.00
# Visual Studio Version 17
VisualStudioVersion = 17.10.35027.167
MinimumVisualStudioVersion = 10.0.40219.1
Project("{FAE04EC0-301F-11D3-BF4B-00C04F79EFBC}") = "WindowsFormsApp1", "WindowsFormsApp1\WindowsFormsApp1.csproj", "{FD20703F-F8D7-408D-A481-E735B027C019}"
EndProject
Global
	GlobalSection(SolutionConfigurationPlatforms) = preSolution
		Debug|Any CPU = Debug|Any CPU
		Release|Any CPU = Release|Any CPU
	EndGlobalSection
	GlobalSection(ProjectConfigurationPlatforms) = postSolution
		{FD20703F-F8D7-408D-A481-E735B027C019}.Debug|Any CPU.ActiveCfg = Debug|Any CPU
		{FD20703F-F8D7-408D-A481-E735B027C019}.Debug|Any CPU.Build.0 = Debug|Any CPU
		{FD20703F-F8D7-408D-A481-E735B027C019}.Release|Any CPU.ActiveCfg = Release|Any CPU
		{FD20703F-F8D7-408D-A481-E735B027C019}.Release|Any CPU.Build.0 = Release|Any CPU
	EndGlobalSection
	GlobalSection(SolutionProperties) = preSolution
		HideSolutionNode = FALSE
	EndGlobalSection
	GlobalSection(ExtensibilityGlobals) = postSolution
		SolutionGuid = {7893879F-3E17-4425-9BEE-26A259E309F1}
	EndGlobalSection
EndGlobal
